
Microsoft Visual Studio Solution File, Format Version 12.00
# Visual Studio Version 17
VisualStudioVersion = 17.9.34622.214
MinimumVisualStudioVersion = 10.0.40219.1
Project("{FAE04EC0-301F-11D3-BF4B-00C04F79EFBC}") = "FIAP.Publisher", "FIAP.Publisher\FIAP.Publisher.csproj", "{B354F4E5-0C98-4972-8D08-8C2580DE2B0B}"
EndProject
Project("{FAE04EC0-301F-11D3-BF4B-00C04F79EFBC}") = "FIAP.Consumer", "FIAP.Subscriber\FIAP.Consumer.csproj", "{F30F3E7A-CBAC-428F-9E8A-59E049762CA0}"
EndProject
Project("{FAE04EC0-301F-11D3-BF4B-00C04F79EFBC}") = "FIAP.Domain", "FIAP.Domain\FIAP.Domain.csproj", "{7FC75F3A-F5A6-4440-8067-A014FDCAAC4C}"
EndProject
Global
	GlobalSection(SolutionConfigurationPlatforms) = preSolution
		Debug|Any CPU = Debug|Any CPU
		Release|Any CPU = Release|Any CPU
	EndGlobalSection
	GlobalSection(ProjectConfigurationPlatforms) = postSolution
		{B354F4E5-0C98-4972-8D08-8C2580DE2B0B}.Debug|Any CPU.ActiveCfg = Debug|Any CPU
		{B354F4E5-0C98-4972-8D08-8C2580DE2B0B}.Debug|Any CPU.Build.0 = Debug|Any CPU
		{B354F4E5-0C98-4972-8D08-8C2580DE2B0B}.Release|Any CPU.ActiveCfg = Release|Any CPU
		{B354F4E5-0C98-4972-8D08-8C2580DE2B0B}.Release|Any CPU.Build.0 = Release|Any CPU
		{F30F3E7A-CBAC-428F-9E8A-59E049762CA0}.Debug|Any CPU.ActiveCfg = Debug|Any CPU
		{F30F3E7A-CBAC-428F-9E8A-59E049762CA0}.Debug|Any CPU.Build.0 = Debug|Any CPU
		{F30F3E7A-CBAC-428F-9E8A-59E049762CA0}.Release|Any CPU.ActiveCfg = Release|Any CPU
		{F30F3E7A-CBAC-428F-9E8A-59E049762CA0}.Release|Any CPU.Build.0 = Release|Any CPU
		{7FC75F3A-F5A6-4440-8067-A014FDCAAC4C}.Debug|Any CPU.ActiveCfg = Debug|Any CPU
		{7FC75F3A-F5A6-4440-8067-A014FDCAAC4C}.Debug|Any CPU.Build.0 = Debug|Any CPU
		{7FC75F3A-F5A6-4440-8067-A014FDCAAC4C}.Release|Any CPU.ActiveCfg = Release|Any CPU
		{7FC75F3A-F5A6-4440-8067-A014FDCAAC4C}.Release|Any CPU.Build.0 = Release|Any CPU
	EndGlobalSection
	GlobalSection(SolutionProperties) = preSolution
		HideSolutionNode = FALSE
	EndGlobalSection
	GlobalSection(ExtensibilityGlobals) = postSolution
		SolutionGuid = {8DA216E4-DBBA-4AD6-92CA-927B43D395E1}
	EndGlobalSection
EndGlobal
